{
    "_readme": [
        "This file locks the dependencies of your project to a known state",
        "Read more about it at https://getcomposer.org/doc/01-basic-usage.md#composer-lock-the-lock-file",
        "This file is @generated automatically"
    ],
    "hash": "f3a6ad5c2af6c0074c14798a074dd8fd",
    "content-hash": "1f381ad87b4a19430e505435be7962d4",
    "packages": [
        {
            "name": "kargirwar/barcoder",
            "version": "dev-master",
            "source": {
                "type": "git",
                "url": "https://github.com/kargirwar/barcoder.git",
                "reference": "2cc62f674f872db8aa377dabe9164f7811cb9fc8"
            },
            "dist": {
                "type": "zip",
                "url": "https://api.github.com/repos/kargirwar/barcoder/zipball/2cc62f674f872db8aa377dabe9164f7811cb9fc8",
                "reference": "2cc62f674f872db8aa377dabe9164f7811cb9fc8",
                "shasum": ""
            },
            "type": "library",
            "autoload": {
                "psr-4": {
                    "kargirwar\\Barcoder\\": "src/"
                }
            },
            "notification-url": "https://packagist.org/downloads/",
            "license": [
                "MIT"
            ],
            "keywords": [
                "CODE 128",
                "barcode"
            ],
            "time": "2018-06-02 07:38:59"
        }
    ],
    "packages-dev": [],
    "aliases": [],
    "minimum-stability": "stable",
    "stability-flags": {
        "kargirwar/barcoder": 20
    },
    "prefer-stable": false,
    "prefer-lowest": false,
    "platform": [],
    "platform-dev": []
}
