{
    "_readme": [
        "This file locks the dependencies of your project to a known state",
        "Read more about it at https://getcomposer.org/doc/01-basic-usage.md#composer-lock-the-lock-file",
        "This file is @generated automatically"
    ],
    "hash": "129612fd999167122152a9f4150b3cf6",
    "content-hash": "298f83ce52e95a0cc9c305aab7da4dbf",
    "packages": [
        {
            "name": "kargirwar/barcoder",
            "version": "dev-master",
            "source": {
                "type": "git",
                "url": "https://github.com/kargirwar/barcoder.git",
                "reference": "cde9202a6c86130b7403724faa1deb246afba043"
            },
            "dist": {
                "type": "zip",
                "url": "https://api.github.com/repos/kargirwar/barcoder/zipball/cde9202a6c86130b7403724faa1deb246afba043",
                "reference": "cde9202a6c86130b7403724faa1deb246afba043",
                "shasum": ""
            },
            "require": {
                "php": "^7.0"
            },
            "type": "library",
            "autoload": {
                "psr-4": {
                    "Kargirwar\\Barcoder\\": "src/"
                }
            },
            "license": [
                "MIT"
            ],
            "keywords": [
                "barcode",
                "code 128"
            ],
            "support": {
                "source": "https://github.com/kargirwar/barcoder/tree/master",
                "issues": "https://github.com/kargirwar/barcoder/issues"
            },
            "time": "2018-06-03 14:47:10"
        }
    ],
    "packages-dev": [],
    "aliases": [],
    "minimum-stability": "stable",
    "stability-flags": {
        "kargirwar/barcoder": 20
    },
    "prefer-stable": false,
    "prefer-lowest": false,
    "platform": [],
    "platform-dev": []
}
