{
    "_readme": [
        "This file locks the dependencies of your project to a known state",
        "Read more about it at https://getcomposer.org/doc/01-basic-usage.md#composer-lock-the-lock-file",
        "This file is @generated automatically"
    ],
    "hash": "0c6bafbe9d4e8a5abcf9af9ddcc93303",
    "content-hash": "730a0d3d33a49fe8903737f32447b099",
    "packages": [
        {
            "name": "kargirwar/barcoder",
            "version": "v1.0",
            "source": {
                "type": "git",
                "url": "https://github.com/kargirwar/barcoder.git",
                "reference": "261a6adf22b30a118bb4a5ea39f0de3ce9de77da"
            },
            "dist": {
                "type": "zip",
                "url": "https://api.github.com/repos/kargirwar/barcoder/zipball/261a6adf22b30a118bb4a5ea39f0de3ce9de77da",
                "reference": "261a6adf22b30a118bb4a5ea39f0de3ce9de77da",
                "shasum": ""
            },
            "require": {
                "php": "^7.0"
            },
            "type": "library",
            "autoload": {
                "psr-4": {
                    "Kargirwar\\Barcoder\\": "src/"
                }
            },
            "notification-url": "https://packagist.org/downloads/",
            "license": [
                "MIT"
            ],
            "keywords": [
                "CODE 128",
                "barcode"
            ],
            "time": "2018-06-03 14:56:10"
        }
    ],
    "packages-dev": [],
    "aliases": [],
    "minimum-stability": "stable",
    "stability-flags": [],
    "prefer-stable": false,
    "prefer-lowest": false,
    "platform": [],
    "platform-dev": []
}
